
Microsoft Visual Studio Solution File, Format Version 12.00
# Visual Studio Version 17
VisualStudioVersion = 17.10.35122.118
MinimumVisualStudioVersion = 10.0.40219.1
Project("{FAE04EC0-301F-11D3-BF4B-00C04F79EFBC}") = "Brady.PowerGeneration.Console", "Brady.PowerGeneration\Brady.PowerGeneration.Console.csproj", "{645BCFEE-2022-41F8-A017-BC26CDFBFC2C}"
EndProject
Project("{FAE04EC0-301F-11D3-BF4B-00C04F79EFBC}") = "Brady.PowerGeneration.Core", "Brady.PowerGeneration.Core\Brady.PowerGeneration.Core.csproj", "{12178F91-929F-437D-A012-9B62FD3AF9D9}"
EndProject
Project("{FAE04EC0-301F-11D3-BF4B-00C04F79EFBC}") = "Brady.PowerGeneration.Infrastructure", "Brady.PowerGeneration.Infrastructure\Brady.PowerGeneration.Infrastructure.csproj", "{16171343-989B-4A4F-8564-BF76D47C471C}"
EndProject
Project("{FAE04EC0-301F-11D3-BF4B-00C04F79EFBC}") = "Brady.PowerGeneration.Services", "Brady.PowerGeneration.Services\Brady.PowerGeneration.Services.csproj", "{03FC4651-F6F8-4E1B-9583-10C84272FFEF}"
EndProject
Project("{FAE04EC0-301F-11D3-BF4B-00C04F79EFBC}") = "Brady.PowerGeneration.Tests", "Brady.PowerGeneration.Tests\Brady.PowerGeneration.Tests.csproj", "{1AFD7204-CC78-481D-B0D2-D2431A0AE3B1}"
EndProject
Global
	GlobalSection(SolutionConfigurationPlatforms) = preSolution
		Debug|Any CPU = Debug|Any CPU
		Release|Any CPU = Release|Any CPU
	EndGlobalSection
	GlobalSection(ProjectConfigurationPlatforms) = postSolution
		{645BCFEE-2022-41F8-A017-BC26CDFBFC2C}.Debug|Any CPU.ActiveCfg = Debug|Any CPU
		{645BCFEE-2022-41F8-A017-BC26CDFBFC2C}.Debug|Any CPU.Build.0 = Debug|Any CPU
		{645BCFEE-2022-41F8-A017-BC26CDFBFC2C}.Release|Any CPU.ActiveCfg = Release|Any CPU
		{645BCFEE-2022-41F8-A017-BC26CDFBFC2C}.Release|Any CPU.Build.0 = Release|Any CPU
		{12178F91-929F-437D-A012-9B62FD3AF9D9}.Debug|Any CPU.ActiveCfg = Debug|Any CPU
		{12178F91-929F-437D-A012-9B62FD3AF9D9}.Debug|Any CPU.Build.0 = Debug|Any CPU
		{12178F91-929F-437D-A012-9B62FD3AF9D9}.Release|Any CPU.ActiveCfg = Release|Any CPU
		{12178F91-929F-437D-A012-9B62FD3AF9D9}.Release|Any CPU.Build.0 = Release|Any CPU
		{16171343-989B-4A4F-8564-BF76D47C471C}.Debug|Any CPU.ActiveCfg = Debug|Any CPU
		{16171343-989B-4A4F-8564-BF76D47C471C}.Debug|Any CPU.Build.0 = Debug|Any CPU
		{16171343-989B-4A4F-8564-BF76D47C471C}.Release|Any CPU.ActiveCfg = Release|Any CPU
		{16171343-989B-4A4F-8564-BF76D47C471C}.Release|Any CPU.Build.0 = Release|Any CPU
		{03FC4651-F6F8-4E1B-9583-10C84272FFEF}.Debug|Any CPU.ActiveCfg = Debug|Any CPU
		{03FC4651-F6F8-4E1B-9583-10C84272FFEF}.Debug|Any CPU.Build.0 = Debug|Any CPU
		{03FC4651-F6F8-4E1B-9583-10C84272FFEF}.Release|Any CPU.ActiveCfg = Release|Any CPU
		{03FC4651-F6F8-4E1B-9583-10C84272FFEF}.Release|Any CPU.Build.0 = Release|Any CPU
		{1AFD7204-CC78-481D-B0D2-D2431A0AE3B1}.Debug|Any CPU.ActiveCfg = Debug|Any CPU
		{1AFD7204-CC78-481D-B0D2-D2431A0AE3B1}.Debug|Any CPU.Build.0 = Debug|Any CPU
		{1AFD7204-CC78-481D-B0D2-D2431A0AE3B1}.Release|Any CPU.ActiveCfg = Release|Any CPU
		{1AFD7204-CC78-481D-B0D2-D2431A0AE3B1}.Release|Any CPU.Build.0 = Release|Any CPU
	EndGlobalSection
	GlobalSection(SolutionProperties) = preSolution
		HideSolutionNode = FALSE
	EndGlobalSection
	GlobalSection(ExtensibilityGlobals) = postSolution
		SolutionGuid = {D1F3D763-3889-4940-AAAC-439D933B337F}
	EndGlobalSection
EndGlobal
